
Microsoft Visual Studio Solution File, Format Version 12.00
# Visual Studio Version 16
VisualStudioVersion = 16.0.29905.134
MinimumVisualStudioVersion = 10.0.40219.1
Project("{FAE04EC0-301F-11D3-BF4B-00C04F79EFBC}") = "FinalProgIII", "FinalProgIII\FinalProgIII.csproj", "{36E9A919-1811-40DA-B942-B6E5D9AC4202}"
EndProject
Global
	GlobalSection(SolutionConfigurationPlatforms) = preSolution
		Debug|Any CPU = Debug|Any CPU
		Release|Any CPU = Release|Any CPU
	EndGlobalSection
	GlobalSection(ProjectConfigurationPlatforms) = postSolution
		{36E9A919-1811-40DA-B942-B6E5D9AC4202}.Debug|Any CPU.ActiveCfg = Debug|Any CPU
		{36E9A919-1811-40DA-B942-B6E5D9AC4202}.Debug|Any CPU.Build.0 = Debug|Any CPU
		{36E9A919-1811-40DA-B942-B6E5D9AC4202}.Release|Any CPU.ActiveCfg = Release|Any CPU
		{36E9A919-1811-40DA-B942-B6E5D9AC4202}.Release|Any CPU.Build.0 = Release|Any CPU
	EndGlobalSection
	GlobalSection(SolutionProperties) = preSolution
		HideSolutionNode = FALSE
	EndGlobalSection
	GlobalSection(ExtensibilityGlobals) = postSolution
		SolutionGuid = {3242A315-8A3B-4E84-AC5E-53DAF3A1D429}
	EndGlobalSection
EndGlobal
